// !$*UTF8*$!
{
	archiveVersion = 1;
	classes = {
	};
	objectVersion = 77;
	objects = {

/* Begin PBXContainerItemProxy section */
		CEC77C2C2DC2AC2C00B94B15 /* PBXContainerItemProxy */ = {
			isa = PBXContainerItemProxy;
			containerPortal = CEC77C0D2DC2AC2A00B94B15 /* Project object */;
			proxyType = 1;
			remoteGlobalIDString = CEC77C142DC2AC2A00B94B15;
			remoteInfo = codepathPreworkApp;
		};
		CEC77C362DC2AC2C00B94B15 /* PBXContainerItemProxy */ = {
			isa = PBXContainerItemProxy;
			containerPortal = CEC77C0D2DC2AC2A00B94B15 /* Project object */;
			proxyType = 1;
			remoteGlobalIDString = CEC77C142DC2AC2A00B94B15;
			remoteInfo = codepathPreworkApp;
		};
/* End PBXContainerItemProxy section */

/* Begin PBXFileReference section */
		CEC77C152DC2AC2A00B94B15 /* codepathPreworkApp.app */ = {isa = PBXFileReference; explicitFileType = wrapper.application; includeInIndex = 0; path = codepathPreworkApp.app; sourceTree = BUILT_PRODUCTS_DIR; };
		CEC77C2B2DC2AC2C00B94B15 /* codepathPreworkAppTests.xctest */ = {isa = PBXFileReference; explicitFileType = wrapper.cfbundle; includeInIndex = 0; path = codepathPreworkAppTests.xctest; sourceTree = BUILT_PRODUCTS_DIR; };
		CEC77C352DC2AC2C00B94B15 /* codepathPreworkAppUITests.xctest */ = {isa = PBXFileReference; explicitFileType = wrapper.cfbundle; includeInIndex = 0; path = codepathPreworkAppUITests.xctest; sourceTree = BUILT_PRODUCTS_DIR; };
/* End PBXFileReference section */

/* Begin PBXFileSystemSynchronizedBuildFileExceptionSet section */
		CEC77C3D2DC2AC2C00B94B15 /* Exceptions for "codepathPreworkApp" folder in "codepathPreworkApp" target */ = {
			isa = PBXFileSystemSynchronizedBuildFileExceptionSet;
			membershipExceptions = (
				Info.plist,
			);
			target = CEC77C142DC2AC2A00B94B15 /* codepathPreworkApp */;
		};
/* End PBXFileSystemSynchronizedBuildFileExceptionSet section */

/* Begin PBXFileSystemSynchronizedRootGroup section */
		CEC77C172DC2AC2A00B94B15 /* codepathPreworkApp */ = {
			isa = PBXFileSystemSynchronizedRootGroup;
			exceptions = (
				CEC77C3D2DC2AC2C00B94B15 /* Exceptions for "codepathPreworkApp" folder in "codepathPreworkApp" target */,
			);
			path = codepathPreworkApp;
			sourceTree = "<group>";
		};
		CEC77C2E2DC2AC2C00B94B15 /* codepathPreworkAppTests */ = {
			isa = PBXFileSystemSynchronizedRootGroup;
			path = codepathPreworkAppTests;
			sourceTree = "<group>";
		};
		CEC77C382DC2AC2C00B94B15 /* codepathPreworkAppUITests */ = {
			isa = PBXFileSystemSynchronizedRootGroup;
			path = codepathPreworkAppUITests;
			sourceTree = "<group>";
		};
/* End PBXFileSystemSynchronizedRootGroup section */

/* Begin PBXFrameworksBuildPhase section */
		CEC77C122DC2AC2A00B94B15 /* Frameworks */ = {
			isa = PBXFrameworksBuildPhase;
			buildActionMask = 2147483647;
			files = (
			);
			runOnlyForDeploymentPostprocessing = 0;
		};
		CEC77C282DC2AC2C00B94B15 /* Frameworks */ = {
			isa = PBXFrameworksBuildPhase;
			buildActionMask = 2147483647;
			files = (
			);
			runOnlyForDeploymentPostprocessing = 0;
		};
		CEC77C322DC2AC2C00B94B15 /* Frameworks */ = {
			isa = PBXFrameworksBuildPhase;
			buildActionMask = 2147483647;
			files = (
			);
			runOnlyForDeploymentPostprocessing = 0;
		};
/* End PBXFrameworksBuildPhase section */

/* Begin PBXGroup section */
		CEC77C0C2DC2AC2A00B94B15 = {
			isa = PBXGroup;
			children = (
				CEC77C172DC2AC2A00B94B15 /* codepathPreworkApp */,
				CEC77C2E2DC2AC2C00B94B15 /* codepathPreworkAppTests */,
				CEC77C382DC2AC2C00B94B15 /* codepathPreworkAppUITests */,
				CEC77C162DC2AC2A00B94B15 /* Products */,
			);
			sourceTree = "<group>";
		};
		CEC77C162DC2AC2A00B94B15 /* Products */ = {
			isa = PBXGroup;
			children = (
				CEC77C152DC2AC2A00B94B15 /* codepathPreworkApp.app */,
				CEC77C2B2DC2AC2C00B94B15 /* codepathPreworkAppTests.xctest */,
				CEC77C352DC2AC2C00B94B15 /* codepathPreworkAppUITests.xctest */,
			);
			name = Products;
			sourceTree = "<group>";
		};
/* End PBXGroup section */

/* Begin PBXNativeTarget section */
		CEC77C142DC2AC2A00B94B15 /* codepathPreworkApp */ = {
			isa = PBXNativeTarget;
			buildConfigurationList = CEC77C3E2DC2AC2C00B94B15 /* Build configuration list for PBXNativeTarget "codepathPreworkApp" */;
			buildPhases = (
				CEC77C112DC2AC2A00B94B15 /* Sources */,
				CEC77C122DC2AC2A00B94B15 /* Frameworks */,
				CEC77C132DC2AC2A00B94B15 /* Resources */,
			);
			buildRules = (
			);
			dependencies = (
			);
			fileSystemSynchronizedGroups = (
				CEC77C172DC2AC2A00B94B15 /* codepathPreworkApp */,
			);
			name = codepathPreworkApp;
			packageProductDependencies = (
			);
			productName = codepathPreworkApp;
			productReference = CEC77C152DC2AC2A00B94B15 /* codepathPreworkApp.app */;
			productType = "com.apple.product-type.application";
		};
		CEC77C2A2DC2AC2C00B94B15 /* codepathPreworkAppTests */ = {
			isa = PBXNativeTarget;
			buildConfigurationList = CEC77C432DC2AC2C00B94B15 /* Build configuration list for PBXNativeTarget "codepathPreworkAppTests" */;
			buildPhases = (
				CEC77C272DC2AC2C00B94B15 /* Sources */,
				CEC77C282DC2AC2C00B94B15 /* Frameworks */,
				CEC77C292DC2AC2C00B94B15 /* Resources */,
			);
			buildRules = (
			);
			dependencies = (
				CEC77C2D2DC2AC2C00B94B15 /* PBXTargetDependency */,
			);
			fileSystemSynchronizedGroups = (
				CEC77C2E2DC2AC2C00B94B15 /* codepathPreworkAppTests */,
			);
			name = codepathPreworkAppTests;
			packageProductDependencies = (
			);
			productName = codepathPreworkAppTests;
			productReference = CEC77C2B2DC2AC2C00B94B15 /* codepathPreworkAppTests.xctest */;
			productType = "com.apple.product-type.bundle.unit-test";
		};
		CEC77C342DC2AC2C00B94B15 /* codepathPreworkAppUITests */ = {
			isa = PBXNativeTarget;
			buildConfigurationList = CEC77C462DC2AC2C00B94B15 /* Build configuration list for PBXNativeTarget "codepathPreworkAppUITests" */;
			buildPhases = (
				CEC77C312DC2AC2C00B94B15 /* Sources */,
				CEC77C322DC2AC2C00B94B15 /* Frameworks */,
				CEC77C332DC2AC2C00B94B15 /* Resources */,
			);
			buildRules = (
			);
			dependencies = (
				CEC77C372DC2AC2C00B94B15 /* PBXTargetDependency */,
			);
			fileSystemSynchronizedGroups = (
				CEC77C382DC2AC2C00B94B15 /* codepathPreworkAppUITests */,
			);
			name = codepathPreworkAppUITests;
			packageProductDependencies = (
			);
			productName = codepathPreworkAppUITests;
			productReference = CEC77C352DC2AC2C00B94B15 /* codepathPreworkAppUITests.xctest */;
			productType = "com.apple.product-type.bundle.ui-testing";
		};
/* End PBXNativeTarget section */

/* Begin PBXProject section */
		CEC77C0D2DC2AC2A00B94B15 /* Project object */ = {
			isa = PBXProject;
			attributes = {
				BuildIndependentTargetsInParallel = 1;
				LastSwiftUpdateCheck = 1600;
				LastUpgradeCheck = 1600;
				TargetAttributes = {
					CEC77C142DC2AC2A00B94B15 = {
						CreatedOnToolsVersion = 16.0;
					};
					CEC77C2A2DC2AC2C00B94B15 = {
						CreatedOnToolsVersion = 16.0;
						TestTargetID = CEC77C142DC2AC2A00B94B15;
					};
					CEC77C342DC2AC2C00B94B15 = {
						CreatedOnToolsVersion = 16.0;
						TestTargetID = CEC77C142DC2AC2A00B94B15;
					};
				};
			};
			buildConfigurationList = CEC77C102DC2AC2A00B94B15 /* Build configuration list for PBXProject "codepathPreworkApp" */;
			developmentRegion = en;
			hasScannedForEncodings = 0;
			knownRegions = (
				en,
				Base,
			);
			mainGroup = CEC77C0C2DC2AC2A00B94B15;
			minimizedProjectReferenceProxies = 1;
			preferredProjectObjectVersion = 77;
			productRefGroup = CEC77C162DC2AC2A00B94B15 /* Products */;
			projectDirPath = "";
			projectRoot = "";
			targets = (
				CEC77C142DC2AC2A00B94B15 /* codepathPreworkApp */,
				CEC77C2A2DC2AC2C00B94B15 /* codepathPreworkAppTests */,
				CEC77C342DC2AC2C00B94B15 /* codepathPreworkAppUITests */,
			);
		};
/* End PBXProject section */

/* Begin PBXResourcesBuildPhase section */
		CEC77C132DC2AC2A00B94B15 /* Resources */ = {
			isa = PBXResourcesBuildPhase;
			buildActionMask = 2147483647;
			files = (
			);
			runOnlyForDeploymentPostprocessing = 0;
		};
		CEC77C292DC2AC2C00B94B15 /* Resources */ = {
			isa = PBXResourcesBuildPhase;
			buildActionMask = 2147483647;
			files = (
			);
			runOnlyForDeploymentPostprocessing = 0;
		};
		CEC77C332DC2AC2C00B94B15 /* Resources */ = {
			isa = PBXResourcesBuildPhase;
			buildActionMask = 2147483647;
			files = (
			);
			runOnlyForDeploymentPostprocessing = 0;
		};
/* End PBXResourcesBuildPhase section */

/* Begin PBXSourcesBuildPhase section */
		CEC77C112DC2AC2A00B94B15 /* Sources */ = {
			isa = PBXSourcesBuildPhase;
			buildActionMask = 2147483647;
			files = (
			);
			runOnlyForDeploymentPostprocessing = 0;
		};
		CEC77C272DC2AC2C00B94B15 /* Sources */ = {
			isa = PBXSourcesBuildPhase;
			buildActionMask = 2147483647;
			files = (
			);
			runOnlyForDeploymentPostprocessing = 0;
		};
		CEC77C312DC2AC2C00B94B15 /* Sources */ = {
			isa = PBXSourcesBuildPhase;
			buildActionMask = 2147483647;
			files = (
			);
			runOnlyForDeploymentPostprocessing = 0;
		};
/* End PBXSourcesBuildPhase section */

/* Begin PBXTargetDependency section */
		CEC77C2D2DC2AC2C00B94B15 /* PBXTargetDependency */ = {
			isa = PBXTargetDependency;
			target = CEC77C142DC2AC2A00B94B15 /* codepathPreworkApp */;
			targetProxy = CEC77C2C2DC2AC2C00B94B15 /* PBXContainerItemProxy */;
		};
		CEC77C372DC2AC2C00B94B15 /* PBXTargetDependency */ = {
			isa = PBXTargetDependency;
			target = CEC77C142DC2AC2A00B94B15 /* codepathPreworkApp */;
			targetProxy = CEC77C362DC2AC2C00B94B15 /* PBXContainerItemProxy */;
		};
/* End PBXTargetDependency section */

/* Begin XCBuildConfiguration section */
		CEC77C3F2DC2AC2C00B94B15 /* Debug */ = {
			isa = XCBuildConfiguration;
			buildSettings = {
				ASSETCATALOG_COMPILER_APPICON_NAME = AppIcon;
				ASSETCATALOG_COMPILER_GLOBAL_ACCENT_COLOR_NAME = AccentColor;
				CODE_SIGN_STYLE = Automatic;
				CURRENT_PROJECT_VERSION = 1;
				GENERATE_INFOPLIST_FILE = YES;
				INFOPLIST_FILE = codepathPreworkApp/Info.plist;
				INFOPLIST_KEY_UIApplicationSupportsIndirectInputEvents = YES;
				INFOPLIST_KEY_UILaunchStoryboardName = LaunchScreen;
				INFOPLIST_KEY_UIMainStoryboardFile = Main;
				INFOPLIST_KEY_UISupportedInterfaceOrientations_iPad = "UIInterfaceOrientationPortrait UIInterfaceOrientationPortraitUpsideDown UIInterfaceOrientationLandscapeLeft UIInterfaceOrientationLandscapeRight";
				INFOPLIST_KEY_UISupportedInterfaceOrientations_iPhone = "UIInterfaceOrientationPortrait UIInterfaceOrientationLandscapeLeft UIInterfaceOrientationLandscapeRight";
				LD_RUNPATH_SEARCH_PATHS = (
					"$(inherited)",
					"@executable_path/Frameworks",
				);
				MARKETING_VERSION = 1.0;
				PRODUCT_BUNDLE_IDENTIFIER = avalenzo.codepathPreworkApp;
				PRODUCT_NAME = "$(TARGET_NAME)";
				SWIFT_EMIT_LOC_STRINGS = YES;
				SWIFT_VERSION = 5.0;
				TARGETED_DEVICE_FAMILY = "1,2";
			};
			name = Debug;
		};
		CEC77C402DC2AC2C00B94B15 /* Release */ = {
			isa = XCBuildConfiguration;
			buildSettings = {
				ASSETCATALOG_COMPILER_APPICON_NAME = AppIcon;
				ASSETCATALOG_COMPILER_GLOBAL_ACCENT_COLOR_NAME = AccentColor;
				CODE_SIGN_STYLE = Automatic;
				CURRENT_PROJECT_VERSION = 1;
				GENERATE_INFOPLIST_FILE = YES;
				INFOPLIST_FILE = codepathPreworkApp/Info.plist;
				INFOPLIST_KEY_UIApplicationSupportsIndirectInputEvents = YES;
				INFOPLIST_KEY_UILaunchStoryboardName = LaunchScreen;
				INFOPLIST_KEY_UIMainStoryboardFile = Main;
				INFOPLIST_KEY_UISupportedInterfaceOrientations_iPad = "UIInterfaceOrientationPortrait UIInterfaceOrientationPortraitUpsideDown UIInterfaceOrientationLandscapeLeft UIInterfaceOrientationLandscapeRight";
				INFOPLIST_KEY_UISupportedInterfaceOrientations_iPhone = "UIInterfaceOrientationPortrait UIInterfaceOrientationLandscapeLeft UIInterfaceOrientationLandscapeRight";
				LD_RUNPATH_SEARCH_PATHS = (
					"$(inherited)",
					"@executable_path/Frameworks",
				);
				MARKETING_VERSION = 1.0;
				PRODUCT_BUNDLE_IDENTIFIER = avalenzo.codepathPreworkApp;
				PRODUCT_NAME = "$(TARGET_NAME)";
				SWIFT_EMIT_LOC_STRINGS = YES;
				SWIFT_VERSION = 5.0;
				TARGETED_DEVICE_FAMILY = "1,2";
			};
			name = Release;
		};
		CEC77C412DC2AC2C00B94B15 /* Debug */ = {
			isa = XCBuildConfiguration;
			buildSettings = {
				ALWAYS_SEARCH_USER_PATHS = NO;
				ASSETCATALOG_COMPILER_GENERATE_SWIFT_ASSET_SYMBOL_EXTENSIONS = YES;
				CLANG_ANALYZER_NONNULL = YES;
				CLANG_ANALYZER_NUMBER_OBJECT_CONVERSION = YES_AGGRESSIVE;
				CLANG_CXX_LANGUAGE_STANDARD = "gnu++20";
				CLANG_ENABLE_MODULES = YES;
				CLANG_ENABLE_OBJC_ARC = YES;
				CLANG_ENABLE_OBJC_WEAK = YES;
				CLANG_WARN_BLOCK_CAPTURE_AUTORELEASING = YES;
				CLANG_WARN_BOOL_CONVERSION = YES;
				CLANG_WARN_COMMA = YES;
				CLANG_WARN_CONSTANT_CONVERSION = YES;
				CLANG_WARN_DEPRECATED_OBJC_IMPLEMENTATIONS = YES;
				CLANG_WARN_DIRECT_OBJC_ISA_USAGE = YES_ERROR;
				CLANG_WARN_DOCUMENTATION_COMMENTS = YES;
				CLANG_WARN_EMPTY_BODY = YES;
				CLANG_WARN_ENUM_CONVERSION = YES;
				CLANG_WARN_INFINITE_RECURSION = YES;
				CLANG_WARN_INT_CONVERSION = YES;
				CLANG_WARN_NON_LITERAL_NULL_CONVERSION = YES;
				CLANG_WARN_OBJC_IMPLICIT_RETAIN_SELF = YES;
				CLANG_WARN_OBJC_LITERAL_CONVERSION = YES;
				CLANG_WARN_OBJC_ROOT_CLASS = YES_ERROR;
				CLANG_WARN_QUOTED_INCLUDE_IN_FRAMEWORK_HEADER = YES;
				CLANG_WARN_RANGE_LOOP_ANALYSIS = YES;
				CLANG_WARN_STRICT_PROTOTYPES = YES;
				CLANG_WARN_SUSPICIOUS_MOVE = YES;
				CLANG_WARN_UNGUARDED_AVAILABILITY = YES_AGGRESSIVE;
				CLANG_WARN_UNREACHABLE_CODE = YES;
				CLANG_WARN__DUPLICATE_METHOD_MATCH = YES;
				COPY_PHASE_STRIP = NO;
				DEBUG_INFORMATION_FORMAT = dwarf;
				ENABLE_STRICT_OBJC_MSGSEND = YES;
				ENABLE_TESTABILITY = YES;
				ENABLE_USER_SCRIPT_SANDBOXING = YES;
				GCC_C_LANGUAGE_STANDARD = gnu17;
				GCC_DYNAMIC_NO_PIC = NO;
				GCC_NO_COMMON_BLOCKS = YES;
				GCC_OPTIMIZATION_LEVEL = 0;
				GCC_PREPROCESSOR_DEFINITIONS = (
					"DEBUG=1",
					"$(inherited)",
				);
				GCC_WARN_64_TO_32_BIT_CONVERSION = YES;
				GCC_WARN_ABOUT_RETURN_TYPE = YES_ERROR;
				GCC_WARN_UNDECLARED_SELECTOR = YES;
				GCC_WARN_UNINITIALIZED_AUTOS = YES_AGGRESSIVE;
				GCC_WARN_UNUSED_FUNCTION = YES;
				GCC_WARN_UNUSED_VARIABLE = YES;
				IPHONEOS_DEPLOYMENT_TARGET = 18.0;
				LOCALIZATION_PREFERS_STRING_CATALOGS = YES;
				MTL_ENABLE_DEBUG_INFO = INCLUDE_SOURCE;
				MTL_FAST_MATH = YES;
				ONLY_ACTIVE_ARCH = YES;
				SDKROOT = iphoneos;
				SWIFT_ACTIVE_COMPILATION_CONDITIONS = "DEBUG $(inherited)";
				SWIFT_OPTIMIZATION_LEVEL = "-Onone";
			};
			name = Debug;
		};
		CEC77C422DC2AC2C00B94B15 /* Release */ = {
			isa = XCBuildConfiguration;
			buildSettings = {
				ALWAYS_SEARCH_USER_PATHS = NO;
				ASSETCATALOG_COMPILER_GENERATE_SWIFT_ASSET_SYMBOL_EXTENSIONS = YES;
				CLANG_ANALYZER_NONNULL = YES;
				CLANG_ANALYZER_NUMBER_OBJECT_CONVERSION = YES_AGGRESSIVE;
				CLANG_CXX_LANGUAGE_STANDARD = "gnu++20";
				CLANG_ENABLE_MODULES = YES;
				CLANG_ENABLE_OBJC_ARC = YES;
				CLANG_ENABLE_OBJC_WEAK = YES;
				CLANG_WARN_BLOCK_CAPTURE_AUTORELEASING = YES;
				CLANG_WARN_BOOL_CONVERSION = YES;
				CLANG_WARN_COMMA = YES;
				CLANG_WARN_CONSTANT_CONVERSION = YES;
				CLANG_WARN_DEPRECATED_OBJC_IMPLEMENTATIONS = YES;
				CLANG_WARN_DIRECT_OBJC_ISA_USAGE = YES_ERROR;
				CLANG_WARN_DOCUMENTATION_COMMENTS = YES;
				CLANG_WARN_EMPTY_BODY = YES;
				CLANG_WARN_ENUM_CONVERSION = YES;
				CLANG_WARN_INFINITE_RECURSION = YES;
				CLANG_WARN_INT_CONVERSION = YES;
				CLANG_WARN_NON_LITERAL_NULL_CONVERSION = YES;
				CLANG_WARN_OBJC_IMPLICIT_RETAIN_SELF = YES;
				CLANG_WARN_OBJC_LITERAL_CONVERSION = YES;
				CLANG_WARN_OBJC_ROOT_CLASS = YES_ERROR;
				CLANG_WARN_QUOTED_INCLUDE_IN_FRAMEWORK_HEADER = YES;
				CLANG_WARN_RANGE_LOOP_ANALYSIS = YES;
				CLANG_WARN_STRICT_PROTOTYPES = YES;
				CLANG_WARN_SUSPICIOUS_MOVE = YES;
				CLANG_WARN_UNGUARDED_AVAILABILITY = YES_AGGRESSIVE;
				CLANG_WARN_UNREACHABLE_CODE = YES;
				CLANG_WARN__DUPLICATE_METHOD_MATCH = YES;
				COPY_PHASE_STRIP = NO;
				DEBUG_INFORMATION_FORMAT = "dwarf-with-dsym";
				ENABLE_NS_ASSERTIONS = NO;
				ENABLE_STRICT_OBJC_MSGSEND = YES;
				ENABLE_USER_SCRIPT_SANDBOXING = YES;
				GCC_C_LANGUAGE_STANDARD = gnu17;
				GCC_NO_COMMON_BLOCKS = YES;
				GCC_WARN_64_TO_32_BIT_CONVERSION = YES;
				GCC_WARN_ABOUT_RETURN_TYPE = YES_ERROR;
				GCC_WARN_UNDECLARED_SELECTOR = YES;
				GCC_WARN_UNINITIALIZED_AUTOS = YES_AGGRESSIVE;
				GCC_WARN_UNUSED_FUNCTION = YES;
				GCC_WARN_UNUSED_VARIABLE = YES;
				IPHONEOS_DEPLOYMENT_TARGET = 18.0;
				LOCALIZATION_PREFERS_STRING_CATALOGS = YES;
				MTL_ENABLE_DEBUG_INFO = NO;
				MTL_FAST_MATH = YES;
				SDKROOT = iphoneos;
				SWIFT_COMPILATION_MODE = wholemodule;
				VALIDATE_PRODUCT = YES;
			};
			name = Release;
		};
		CEC77C442DC2AC2C00B94B15 /* Debug */ = {
			isa = XCBuildConfiguration;
			buildSettings = {
				BUNDLE_LOADER = "$(TEST_HOST)";
				CODE_SIGN_STYLE = Automatic;
				CURRENT_PROJECT_VERSION = 1;
				GENERATE_INFOPLIST_FILE = YES;
				IPHONEOS_DEPLOYMENT_TARGET = 18.0;
				MARKETING_VERSION = 1.0;
				PRODUCT_BUNDLE_IDENTIFIER = avalenzo.codepathPreworkAppTests;
				PRODUCT_NAME = "$(TARGET_NAME)";
				SWIFT_EMIT_LOC_STRINGS = NO;
				SWIFT_VERSION = 5.0;
				TARGETED_DEVICE_FAMILY = "1,2";
				TEST_HOST = "$(BUILT_PRODUCTS_DIR)/codepathPreworkApp.app/$(BUNDLE_EXECUTABLE_FOLDER_PATH)/codepathPreworkApp";
			};
			name = Debug;
		};
		CEC77C452DC2AC2C00B94B15 /* Release */ = {
			isa = XCBuildConfiguration;
			buildSettings = {
				BUNDLE_LOADER = "$(TEST_HOST)";
				CODE_SIGN_STYLE = Automatic;
				CURRENT_PROJECT_VERSION = 1;
				GENERATE_INFOPLIST_FILE = YES;
				IPHONEOS_DEPLOYMENT_TARGET = 18.0;
				MARKETING_VERSION = 1.0;
				PRODUCT_BUNDLE_IDENTIFIER = avalenzo.codepathPreworkAppTests;
				PRODUCT_NAME = "$(TARGET_NAME)";
				SWIFT_EMIT_LOC_STRINGS = NO;
				SWIFT_VERSION = 5.0;
				TARGETED_DEVICE_FAMILY = "1,2";
				TEST_HOST = "$(BUILT_PRODUCTS_DIR)/codepathPreworkApp.app/$(BUNDLE_EXECUTABLE_FOLDER_PATH)/codepathPreworkApp";
			};
			name = Release;
		};
		CEC77C472DC2AC2C00B94B15 /* Debug */ = {
			isa = XCBuildConfiguration;
			buildSettings = {
				CODE_SIGN_STYLE = Automatic;
				CURRENT_PROJECT_VERSION = 1;
				GENERATE_INFOPLIST_FILE = YES;
				MARKETING_VERSION = 1.0;
				PRODUCT_BUNDLE_IDENTIFIER = avalenzo.codepathPreworkAppUITests;
				PRODUCT_NAME = "$(TARGET_NAME)";
				SWIFT_EMIT_LOC_STRINGS = NO;
				SWIFT_VERSION = 5.0;
				TARGETED_DEVICE_FAMILY = "1,2";
				TEST_TARGET_NAME = codepathPreworkApp;
			};
			name = Debug;
		};
		CEC77C482DC2AC2C00B94B15 /* Release */ = {
			isa = XCBuildConfiguration;
			buildSettings = {
				CODE_SIGN_STYLE = Automatic;
				CURRENT_PROJECT_VERSION = 1;
				GENERATE_INFOPLIST_FILE = YES;
				MARKETING_VERSION = 1.0;
				PRODUCT_BUNDLE_IDENTIFIER = avalenzo.codepathPreworkAppUITests;
				PRODUCT_NAME = "$(TARGET_NAME)";
				SWIFT_EMIT_LOC_STRINGS = NO;
				SWIFT_VERSION = 5.0;
				TARGETED_DEVICE_FAMILY = "1,2";
				TEST_TARGET_NAME = codepathPreworkApp;
			};
			name = Release;
		};
/* End XCBuildConfiguration section */

/* Begin XCConfigurationList section */
		CEC77C102DC2AC2A00B94B15 /* Build configuration list for PBXProject "codepathPreworkApp" */ = {
			isa = XCConfigurationList;
			buildConfigurations = (
				CEC77C412DC2AC2C00B94B15 /* Debug */,
				CEC77C422DC2AC2C00B94B15 /* Release */,
			);
			defaultConfigurationIsVisible = 0;
			defaultConfigurationName = Release;
		};
		CEC77C3E2DC2AC2C00B94B15 /* Build configuration list for PBXNativeTarget "codepathPreworkApp" */ = {
			isa = XCConfigurationList;
			buildConfigurations = (
				CEC77C3F2DC2AC2C00B94B15 /* Debug */,
				CEC77C402DC2AC2C00B94B15 /* Release */,
			);
			defaultConfigurationIsVisible = 0;
			defaultConfigurationName = Release;
		};
		CEC77C432DC2AC2C00B94B15 /* Build configuration list for PBXNativeTarget "codepathPreworkAppTests" */ = {
			isa = XCConfigurationList;
			buildConfigurations = (
				CEC77C442DC2AC2C00B94B15 /* Debug */,
				CEC77C452DC2AC2C00B94B15 /* Release */,
			);
			defaultConfigurationIsVisible = 0;
			defaultConfigurationName = Release;
		};
		CEC77C462DC2AC2C00B94B15 /* Build configuration list for PBXNativeTarget "codepathPreworkAppUITests" */ = {
			isa = XCConfigurationList;
			buildConfigurations = (
				CEC77C472DC2AC2C00B94B15 /* Debug */,
				CEC77C482DC2AC2C00B94B15 /* Release */,
			);
			defaultConfigurationIsVisible = 0;
			defaultConfigurationName = Release;
		};
/* End XCConfigurationList section */
	};
	rootObject = CEC77C0D2DC2AC2A00B94B15 /* Project object */;
}
